// !$*UTF8*$!
{
	archiveVersion = 1;
	classes = {
	};
	objectVersion = 56;
	objects = {

/* Begin PBXBuildFile section */
		273A6F6C29686DC600B52B4D /* PostModel.swift in Sources */ = {isa = PBXBuildFile; fileRef = 273A6F6B29686DC600B52B4D /* PostModel.swift */; };
		273A6F6E296873A200B52B4D /* WebService.swift in Sources */ = {isa = PBXBuildFile; fileRef = 273A6F6D296873A200B52B4D /* WebService.swift */; };
		27A48C7E2965AB0900E33860 /* AppDelegate.swift in Sources */ = {isa = PBXBuildFile; fileRef = 27A48C7D2965AB0900E33860 /* AppDelegate.swift */; };
		27A48C802965AB0900E33860 /* SceneDelegate.swift in Sources */ = {isa = PBXBuildFile; fileRef = 27A48C7F2965AB0900E33860 /* SceneDelegate.swift */; };
		27A48C822965AB0900E33860 /* ViewController.swift in Sources */ = {isa = PBXBuildFile; fileRef = 27A48C812965AB0900E33860 /* ViewController.swift */; };
		27A48C852965AB0900E33860 /* Main.storyboard in Resources */ = {isa = PBXBuildFile; fileRef = 27A48C832965AB0900E33860 /* Main.storyboard */; };
		27A48C872965AB0D00E33860 /* Assets.xcassets in Resources */ = {isa = PBXBuildFile; fileRef = 27A48C862965AB0D00E33860 /* Assets.xcassets */; };
		27A48C8A2965AB0D00E33860 /* LaunchScreen.storyboard in Resources */ = {isa = PBXBuildFile; fileRef = 27A48C882965AB0D00E33860 /* LaunchScreen.storyboard */; };
		27A48C952965AB0D00E33860 /* Combine_Part1Tests.swift in Sources */ = {isa = PBXBuildFile; fileRef = 27A48C942965AB0D00E33860 /* Combine_Part1Tests.swift */; };
		27A48C9F2965AB0D00E33860 /* Combine_Part1UITests.swift in Sources */ = {isa = PBXBuildFile; fileRef = 27A48C9E2965AB0D00E33860 /* Combine_Part1UITests.swift */; };
		27A48CA12965AB0D00E33860 /* Combine_Part1UITestsLaunchTests.swift in Sources */ = {isa = PBXBuildFile; fileRef = 27A48CA02965AB0D00E33860 /* Combine_Part1UITestsLaunchTests.swift */; };
/* End PBXBuildFile section */

/* Begin PBXContainerItemProxy section */
		27A48C912965AB0D00E33860 /* PBXContainerItemProxy */ = {
			isa = PBXContainerItemProxy;
			containerPortal = 27A48C722965AB0900E33860 /* Project object */;
			proxyType = 1;
			remoteGlobalIDString = 27A48C792965AB0900E33860;
			remoteInfo = Combine_Part1;
		};
		27A48C9B2965AB0D00E33860 /* PBXContainerItemProxy */ = {
			isa = PBXContainerItemProxy;
			containerPortal = 27A48C722965AB0900E33860 /* Project object */;
			proxyType = 1;
			remoteGlobalIDString = 27A48C792965AB0900E33860;
			remoteInfo = Combine_Part1;
		};
/* End PBXContainerItemProxy section */

/* Begin PBXFileReference section */
		273A6F6B29686DC600B52B4D /* PostModel.swift */ = {isa = PBXFileReference; lastKnownFileType = sourcecode.swift; path = PostModel.swift; sourceTree = "<group>"; };
		273A6F6D296873A200B52B4D /* WebService.swift */ = {isa = PBXFileReference; lastKnownFileType = sourcecode.swift; path = WebService.swift; sourceTree = "<group>"; };
		27A48C7A2965AB0900E33860 /* Combine_Part1.app */ = {isa = PBXFileReference; explicitFileType = wrapper.application; includeInIndex = 0; path = Combine_Part1.app; sourceTree = BUILT_PRODUCTS_DIR; };
		27A48C7D2965AB0900E33860 /* AppDelegate.swift */ = {isa = PBXFileReference; lastKnownFileType = sourcecode.swift; path = AppDelegate.swift; sourceTree = "<group>"; };
		27A48C7F2965AB0900E33860 /* SceneDelegate.swift */ = {isa = PBXFileReference; lastKnownFileType = sourcecode.swift; path = SceneDelegate.swift; sourceTree = "<group>"; };
		27A48C812965AB0900E33860 /* ViewController.swift */ = {isa = PBXFileReference; lastKnownFileType = sourcecode.swift; path = ViewController.swift; sourceTree = "<group>"; };
		27A48C842965AB0900E33860 /* Base */ = {isa = PBXFileReference; lastKnownFileType = file.storyboard; name = Base; path = Base.lproj/Main.storyboard; sourceTree = "<group>"; };
		27A48C862965AB0D00E33860 /* Assets.xcassets */ = {isa = PBXFileReference; lastKnownFileType = folder.assetcatalog; path = Assets.xcassets; sourceTree = "<group>"; };
		27A48C892965AB0D00E33860 /* Base */ = {isa = PBXFileReference; lastKnownFileType = file.storyboard; name = Base; path = Base.lproj/LaunchScreen.storyboard; sourceTree = "<group>"; };
		27A48C8B2965AB0D00E33860 /* Info.plist */ = {isa = PBXFileReference; lastKnownFileType = text.plist.xml; path = Info.plist; sourceTree = "<group>"; };
		27A48C902965AB0D00E33860 /* Combine_Part1Tests.xctest */ = {isa = PBXFileReference; explicitFileType = wrapper.cfbundle; includeInIndex = 0; path = Combine_Part1Tests.xctest; sourceTree = BUILT_PRODUCTS_DIR; };
		27A48C942965AB0D00E33860 /* Combine_Part1Tests.swift */ = {isa = PBXFileReference; lastKnownFileType = sourcecode.swift; path = Combine_Part1Tests.swift; sourceTree = "<group>"; };
		27A48C9A2965AB0D00E33860 /* Combine_Part1UITests.xctest */ = {isa = PBXFileReference; explicitFileType = wrapper.cfbundle; includeInIndex = 0; path = Combine_Part1UITests.xctest; sourceTree = BUILT_PRODUCTS_DIR; };
		27A48C9E2965AB0D00E33860 /* Combine_Part1UITests.swift */ = {isa = PBXFileReference; lastKnownFileType = sourcecode.swift; path = Combine_Part1UITests.swift; sourceTree = "<group>"; };
		27A48CA02965AB0D00E33860 /* Combine_Part1UITestsLaunchTests.swift */ = {isa = PBXFileReference; lastKnownFileType = sourcecode.swift; path = Combine_Part1UITestsLaunchTests.swift; sourceTree = "<group>"; };
/* End PBXFileReference section */

/* Begin PBXFrameworksBuildPhase section */
		27A48C772965AB0900E33860 /* Frameworks */ = {
			isa = PBXFrameworksBuildPhase;
			buildActionMask = 2147483647;
			files = (
			);
			runOnlyForDeploymentPostprocessing = 0;
		};
		27A48C8D2965AB0D00E33860 /* Frameworks */ = {
			isa = PBXFrameworksBuildPhase;
			buildActionMask = 2147483647;
			files = (
			);
			runOnlyForDeploymentPostprocessing = 0;
		};
		27A48C972965AB0D00E33860 /* Frameworks */ = {
			isa = PBXFrameworksBuildPhase;
			buildActionMask = 2147483647;
			files = (
			);
			runOnlyForDeploymentPostprocessing = 0;
		};
/* End PBXFrameworksBuildPhase section */

/* Begin PBXGroup section */
		273A6F6829686BF000B52B4D /* Netowrk */ = {
			isa = PBXGroup;
			children = (
				273A6F6B29686DC600B52B4D /* PostModel.swift */,
				273A6F6D296873A200B52B4D /* WebService.swift */,
			);
			path = Netowrk;
			sourceTree = "<group>";
		};
		27A48C712965AB0900E33860 = {
			isa = PBXGroup;
			children = (
				27A48C7C2965AB0900E33860 /* Combine_Part1 */,
				27A48C932965AB0D00E33860 /* Combine_Part1Tests */,
				27A48C9D2965AB0D00E33860 /* Combine_Part1UITests */,
				27A48C7B2965AB0900E33860 /* Products */,
			);
			sourceTree = "<group>";
		};
		27A48C7B2965AB0900E33860 /* Products */ = {
			isa = PBXGroup;
			children = (
				27A48C7A2965AB0900E33860 /* Combine_Part1.app */,
				27A48C902965AB0D00E33860 /* Combine_Part1Tests.xctest */,
				27A48C9A2965AB0D00E33860 /* Combine_Part1UITests.xctest */,
			);
			name = Products;
			sourceTree = "<group>";
		};
		27A48C7C2965AB0900E33860 /* Combine_Part1 */ = {
			isa = PBXGroup;
			children = (
				273A6F6829686BF000B52B4D /* Netowrk */,
				27A48C7D2965AB0900E33860 /* AppDelegate.swift */,
				27A48C7F2965AB0900E33860 /* SceneDelegate.swift */,
				27A48C812965AB0900E33860 /* ViewController.swift */,
				27A48C832965AB0900E33860 /* Main.storyboard */,
				27A48C862965AB0D00E33860 /* Assets.xcassets */,
				27A48C882965AB0D00E33860 /* LaunchScreen.storyboard */,
				27A48C8B2965AB0D00E33860 /* Info.plist */,
			);
			path = Combine_Part1;
			sourceTree = "<group>";
		};
		27A48C932965AB0D00E33860 /* Combine_Part1Tests */ = {
			isa = PBXGroup;
			children = (
				27A48C942965AB0D00E33860 /* Combine_Part1Tests.swift */,
			);
			path = Combine_Part1Tests;
			sourceTree = "<group>";
		};
		27A48C9D2965AB0D00E33860 /* Combine_Part1UITests */ = {
			isa = PBXGroup;
			children = (
				27A48C9E2965AB0D00E33860 /* Combine_Part1UITests.swift */,
				27A48CA02965AB0D00E33860 /* Combine_Part1UITestsLaunchTests.swift */,
			);
			path = Combine_Part1UITests;
			sourceTree = "<group>";
		};
/* End PBXGroup section */

/* Begin PBXNativeTarget section */
		27A48C792965AB0900E33860 /* Combine_Part1 */ = {
			isa = PBXNativeTarget;
			buildConfigurationList = 27A48CA42965AB0D00E33860 /* Build configuration list for PBXNativeTarget "Combine_Part1" */;
			buildPhases = (
				27A48C762965AB0900E33860 /* Sources */,
				27A48C772965AB0900E33860 /* Frameworks */,
				27A48C782965AB0900E33860 /* Resources */,
			);
			buildRules = (
			);
			dependencies = (
			);
			name = Combine_Part1;
			productName = Combine_Part1;
			productReference = 27A48C7A2965AB0900E33860 /* Combine_Part1.app */;
			productType = "com.apple.product-type.application";
		};
		27A48C8F2965AB0D00E33860 /* Combine_Part1Tests */ = {
			isa = PBXNativeTarget;
			buildConfigurationList = 27A48CA72965AB0D00E33860 /* Build configuration list for PBXNativeTarget "Combine_Part1Tests" */;
			buildPhases = (
				27A48C8C2965AB0D00E33860 /* Sources */,
				27A48C8D2965AB0D00E33860 /* Frameworks */,
				27A48C8E2965AB0D00E33860 /* Resources */,
			);
			buildRules = (
			);
			dependencies = (
				27A48C922965AB0D00E33860 /* PBXTargetDependency */,
			);
			name = Combine_Part1Tests;
			productName = Combine_Part1Tests;
			productReference = 27A48C902965AB0D00E33860 /* Combine_Part1Tests.xctest */;
			productType = "com.apple.product-type.bundle.unit-test";
		};
		27A48C992965AB0D00E33860 /* Combine_Part1UITests */ = {
			isa = PBXNativeTarget;
			buildConfigurationList = 27A48CAA2965AB0D00E33860 /* Build configuration list for PBXNativeTarget "Combine_Part1UITests" */;
			buildPhases = (
				27A48C962965AB0D00E33860 /* Sources */,
				27A48C972965AB0D00E33860 /* Frameworks */,
				27A48C982965AB0D00E33860 /* Resources */,
			);
			buildRules = (
			);
			dependencies = (
				27A48C9C2965AB0D00E33860 /* PBXTargetDependency */,
			);
			name = Combine_Part1UITests;
			productName = Combine_Part1UITests;
			productReference = 27A48C9A2965AB0D00E33860 /* Combine_Part1UITests.xctest */;
			productType = "com.apple.product-type.bundle.ui-testing";
		};
/* End PBXNativeTarget section */

/* Begin PBXProject section */
		27A48C722965AB0900E33860 /* Project object */ = {
			isa = PBXProject;
			attributes = {
				BuildIndependentTargetsInParallel = 1;
				LastSwiftUpdateCheck = 1400;
				LastUpgradeCheck = 1400;
				TargetAttributes = {
					27A48C792965AB0900E33860 = {
						CreatedOnToolsVersion = 14.0;
					};
					27A48C8F2965AB0D00E33860 = {
						CreatedOnToolsVersion = 14.0;
						TestTargetID = 27A48C792965AB0900E33860;
					};
					27A48C992965AB0D00E33860 = {
						CreatedOnToolsVersion = 14.0;
						TestTargetID = 27A48C792965AB0900E33860;
					};
				};
			};
			buildConfigurationList = 27A48C752965AB0900E33860 /* Build configuration list for PBXProject "Combine_Part1" */;
			compatibilityVersion = "Xcode 14.0";
			developmentRegion = en;
			hasScannedForEncodings = 0;
			knownRegions = (
				en,
				Base,
			);
			mainGroup = 27A48C712965AB0900E33860;
			productRefGroup = 27A48C7B2965AB0900E33860 /* Products */;
			projectDirPath = "";
			projectRoot = "";
			targets = (
				27A48C792965AB0900E33860 /* Combine_Part1 */,
				27A48C8F2965AB0D00E33860 /* Combine_Part1Tests */,
				27A48C992965AB0D00E33860 /* Combine_Part1UITests */,
			);
		};
/* End PBXProject section */

/* Begin PBXResourcesBuildPhase section */
		27A48C782965AB0900E33860 /* Resources */ = {
			isa = PBXResourcesBuildPhase;
			buildActionMask = 2147483647;
			files = (
				27A48C8A2965AB0D00E33860 /* LaunchScreen.storyboard in Resources */,
				27A48C872965AB0D00E33860 /* Assets.xcassets in Resources */,
				27A48C852965AB0900E33860 /* Main.storyboard in Resources */,
			);
			runOnlyForDeploymentPostprocessing = 0;
		};
		27A48C8E2965AB0D00E33860 /* Resources */ = {
			isa = PBXResourcesBuildPhase;
			buildActionMask = 2147483647;
			files = (
			);
			runOnlyForDeploymentPostprocessing = 0;
		};
		27A48C982965AB0D00E33860 /* Resources */ = {
			isa = PBXResourcesBuildPhase;
			buildActionMask = 2147483647;
			files = (
			);
			runOnlyForDeploymentPostprocessing = 0;
		};
/* End PBXResourcesBuildPhase section */

/* Begin PBXSourcesBuildPhase section */
		27A48C762965AB0900E33860 /* Sources */ = {
			isa = PBXSourcesBuildPhase;
			buildActionMask = 2147483647;
			files = (
				273A6F6E296873A200B52B4D /* WebService.swift in Sources */,
				27A48C822965AB0900E33860 /* ViewController.swift in Sources */,
				273A6F6C29686DC600B52B4D /* PostModel.swift in Sources */,
				27A48C7E2965AB0900E33860 /* AppDelegate.swift in Sources */,
				27A48C802965AB0900E33860 /* SceneDelegate.swift in Sources */,
			);
			runOnlyForDeploymentPostprocessing = 0;
		};
		27A48C8C2965AB0D00E33860 /* Sources */ = {
			isa = PBXSourcesBuildPhase;
			buildActionMask = 2147483647;
			files = (
				27A48C952965AB0D00E33860 /* Combine_Part1Tests.swift in Sources */,
			);
			runOnlyForDeploymentPostprocessing = 0;
		};
		27A48C962965AB0D00E33860 /* Sources */ = {
			isa = PBXSourcesBuildPhase;
			buildActionMask = 2147483647;
			files = (
				27A48C9F2965AB0D00E33860 /* Combine_Part1UITests.swift in Sources */,
				27A48CA12965AB0D00E33860 /* Combine_Part1UITestsLaunchTests.swift in Sources */,
			);
			runOnlyForDeploymentPostprocessing = 0;
		};
/* End PBXSourcesBuildPhase section */

/* Begin PBXTargetDependency section */
		27A48C922965AB0D00E33860 /* PBXTargetDependency */ = {
			isa = PBXTargetDependency;
			target = 27A48C792965AB0900E33860 /* Combine_Part1 */;
			targetProxy = 27A48C912965AB0D00E33860 /* PBXContainerItemProxy */;
		};
		27A48C9C2965AB0D00E33860 /* PBXTargetDependency */ = {
			isa = PBXTargetDependency;
			target = 27A48C792965AB0900E33860 /* Combine_Part1 */;
			targetProxy = 27A48C9B2965AB0D00E33860 /* PBXContainerItemProxy */;
		};
/* End PBXTargetDependency section */

/* Begin PBXVariantGroup section */
		27A48C832965AB0900E33860 /* Main.storyboard */ = {
			isa = PBXVariantGroup;
			children = (
				27A48C842965AB0900E33860 /* Base */,
			);
			name = Main.storyboard;
			sourceTree = "<group>";
		};
		27A48C882965AB0D00E33860 /* LaunchScreen.storyboard */ = {
			isa = PBXVariantGroup;
			children = (
				27A48C892965AB0D00E33860 /* Base */,
			);
			name = LaunchScreen.storyboard;
			sourceTree = "<group>";
		};
/* End PBXVariantGroup section */

/* Begin XCBuildConfiguration section */
		27A48CA22965AB0D00E33860 /* Debug */ = {
			isa = XCBuildConfiguration;
			buildSettings = {
				ALWAYS_SEARCH_USER_PATHS = NO;
				CLANG_ANALYZER_NONNULL = YES;
				CLANG_ANALYZER_NUMBER_OBJECT_CONVERSION = YES_AGGRESSIVE;
				CLANG_CXX_LANGUAGE_STANDARD = "gnu++20";
				CLANG_ENABLE_MODULES = YES;
				CLANG_ENABLE_OBJC_ARC = YES;
				CLANG_ENABLE_OBJC_WEAK = YES;
				CLANG_WARN_BLOCK_CAPTURE_AUTORELEASING = YES;
				CLANG_WARN_BOOL_CONVERSION = YES;
				CLANG_WARN_COMMA = YES;
				CLANG_WARN_CONSTANT_CONVERSION = YES;
				CLANG_WARN_DEPRECATED_OBJC_IMPLEMENTATIONS = YES;
				CLANG_WARN_DIRECT_OBJC_ISA_USAGE = YES_ERROR;
				CLANG_WARN_DOCUMENTATION_COMMENTS = YES;
				CLANG_WARN_EMPTY_BODY = YES;
				CLANG_WARN_ENUM_CONVERSION = YES;
				CLANG_WARN_INFINITE_RECURSION = YES;
				CLANG_WARN_INT_CONVERSION = YES;
				CLANG_WARN_NON_LITERAL_NULL_CONVERSION = YES;
				CLANG_WARN_OBJC_IMPLICIT_RETAIN_SELF = YES;
				CLANG_WARN_OBJC_LITERAL_CONVERSION = YES;
				CLANG_WARN_OBJC_ROOT_CLASS = YES_ERROR;
				CLANG_WARN_QUOTED_INCLUDE_IN_FRAMEWORK_HEADER = YES;
				CLANG_WARN_RANGE_LOOP_ANALYSIS = YES;
				CLANG_WARN_STRICT_PROTOTYPES = YES;
				CLANG_WARN_SUSPICIOUS_MOVE = YES;
				CLANG_WARN_UNGUARDED_AVAILABILITY = YES_AGGRESSIVE;
				CLANG_WARN_UNREACHABLE_CODE = YES;
				CLANG_WARN__DUPLICATE_METHOD_MATCH = YES;
				COPY_PHASE_STRIP = NO;
				DEBUG_INFORMATION_FORMAT = dwarf;
				ENABLE_STRICT_OBJC_MSGSEND = YES;
				ENABLE_TESTABILITY = YES;
				GCC_C_LANGUAGE_STANDARD = gnu11;
				GCC_DYNAMIC_NO_PIC = NO;
				GCC_NO_COMMON_BLOCKS = YES;
				GCC_OPTIMIZATION_LEVEL = 0;
				GCC_PREPROCESSOR_DEFINITIONS = (
					"DEBUG=1",
					"$(inherited)",
				);
				GCC_WARN_64_TO_32_BIT_CONVERSION = YES;
				GCC_WARN_ABOUT_RETURN_TYPE = YES_ERROR;
				GCC_WARN_UNDECLARED_SELECTOR = YES;
				GCC_WARN_UNINITIALIZED_AUTOS = YES_AGGRESSIVE;
				GCC_WARN_UNUSED_FUNCTION = YES;
				GCC_WARN_UNUSED_VARIABLE = YES;
				IPHONEOS_DEPLOYMENT_TARGET = 16.0;
				MTL_ENABLE_DEBUG_INFO = INCLUDE_SOURCE;
				MTL_FAST_MATH = YES;
				ONLY_ACTIVE_ARCH = YES;
				SDKROOT = iphoneos;
				SWIFT_ACTIVE_COMPILATION_CONDITIONS = DEBUG;
				SWIFT_OPTIMIZATION_LEVEL = "-Onone";
			};
			name = Debug;
		};
		27A48CA32965AB0D00E33860 /* Release */ = {
			isa = XCBuildConfiguration;
			buildSettings = {
				ALWAYS_SEARCH_USER_PATHS = NO;
				CLANG_ANALYZER_NONNULL = YES;
				CLANG_ANALYZER_NUMBER_OBJECT_CONVERSION = YES_AGGRESSIVE;
				CLANG_CXX_LANGUAGE_STANDARD = "gnu++20";
				CLANG_ENABLE_MODULES = YES;
				CLANG_ENABLE_OBJC_ARC = YES;
				CLANG_ENABLE_OBJC_WEAK = YES;
				CLANG_WARN_BLOCK_CAPTURE_AUTORELEASING = YES;
				CLANG_WARN_BOOL_CONVERSION = YES;
				CLANG_WARN_COMMA = YES;
				CLANG_WARN_CONSTANT_CONVERSION = YES;
				CLANG_WARN_DEPRECATED_OBJC_IMPLEMENTATIONS = YES;
				CLANG_WARN_DIRECT_OBJC_ISA_USAGE = YES_ERROR;
				CLANG_WARN_DOCUMENTATION_COMMENTS = YES;
				CLANG_WARN_EMPTY_BODY = YES;
				CLANG_WARN_ENUM_CONVERSION = YES;
				CLANG_WARN_INFINITE_RECURSION = YES;
				CLANG_WARN_INT_CONVERSION = YES;
				CLANG_WARN_NON_LITERAL_NULL_CONVERSION = YES;
				CLANG_WARN_OBJC_IMPLICIT_RETAIN_SELF = YES;
				CLANG_WARN_OBJC_LITERAL_CONVERSION = YES;
				CLANG_WARN_OBJC_ROOT_CLASS = YES_ERROR;
				CLANG_WARN_QUOTED_INCLUDE_IN_FRAMEWORK_HEADER = YES;
				CLANG_WARN_RANGE_LOOP_ANALYSIS = YES;
				CLANG_WARN_STRICT_PROTOTYPES = YES;
				CLANG_WARN_SUSPICIOUS_MOVE = YES;
				CLANG_WARN_UNGUARDED_AVAILABILITY = YES_AGGRESSIVE;
				CLANG_WARN_UNREACHABLE_CODE = YES;
				CLANG_WARN__DUPLICATE_METHOD_MATCH = YES;
				COPY_PHASE_STRIP = NO;
				DEBUG_INFORMATION_FORMAT = "dwarf-with-dsym";
				ENABLE_NS_ASSERTIONS = NO;
				ENABLE_STRICT_OBJC_MSGSEND = YES;
				GCC_C_LANGUAGE_STANDARD = gnu11;
				GCC_NO_COMMON_BLOCKS = YES;
				GCC_WARN_64_TO_32_BIT_CONVERSION = YES;
				GCC_WARN_ABOUT_RETURN_TYPE = YES_ERROR;
				GCC_WARN_UNDECLARED_SELECTOR = YES;
				GCC_WARN_UNINITIALIZED_AUTOS = YES_AGGRESSIVE;
				GCC_WARN_UNUSED_FUNCTION = YES;
				GCC_WARN_UNUSED_VARIABLE = YES;
				IPHONEOS_DEPLOYMENT_TARGET = 16.0;
				MTL_ENABLE_DEBUG_INFO = NO;
				MTL_FAST_MATH = YES;
				SDKROOT = iphoneos;
				SWIFT_COMPILATION_MODE = wholemodule;
				SWIFT_OPTIMIZATION_LEVEL = "-O";
				VALIDATE_PRODUCT = YES;
			};
			name = Release;
		};
		27A48CA52965AB0D00E33860 /* Debug */ = {
			isa = XCBuildConfiguration;
			buildSettings = {
				ASSETCATALOG_COMPILER_APPICON_NAME = AppIcon;
				ASSETCATALOG_COMPILER_GLOBAL_ACCENT_COLOR_NAME = AccentColor;
				CODE_SIGN_STYLE = Automatic;
				CURRENT_PROJECT_VERSION = 1;
				DEVELOPMENT_TEAM = PWK5WLZ6R6;
				GENERATE_INFOPLIST_FILE = YES;
				INFOPLIST_FILE = Combine_Part1/Info.plist;
				INFOPLIST_KEY_UIApplicationSupportsIndirectInputEvents = YES;
				INFOPLIST_KEY_UILaunchStoryboardName = LaunchScreen;
				INFOPLIST_KEY_UIMainStoryboardFile = Main;
				INFOPLIST_KEY_UISupportedInterfaceOrientations_iPad = "UIInterfaceOrientationPortrait UIInterfaceOrientationPortraitUpsideDown UIInterfaceOrientationLandscapeLeft UIInterfaceOrientationLandscapeRight";
				INFOPLIST_KEY_UISupportedInterfaceOrientations_iPhone = "UIInterfaceOrientationPortrait UIInterfaceOrientationLandscapeLeft UIInterfaceOrientationLandscapeRight";
				LD_RUNPATH_SEARCH_PATHS = (
					"$(inherited)",
					"@executable_path/Frameworks",
				);
				MARKETING_VERSION = 1.0;
				PRODUCT_BUNDLE_IDENTIFIER = "com.LearningSample.Combine-Part1";
				PRODUCT_NAME = "$(TARGET_NAME)";
				SWIFT_EMIT_LOC_STRINGS = YES;
				SWIFT_VERSION = 5.0;
				TARGETED_DEVICE_FAMILY = "1,2";
			};
			name = Debug;
		};
		27A48CA62965AB0D00E33860 /* Release */ = {
			isa = XCBuildConfiguration;
			buildSettings = {
				ASSETCATALOG_COMPILER_APPICON_NAME = AppIcon;
				ASSETCATALOG_COMPILER_GLOBAL_ACCENT_COLOR_NAME = AccentColor;
				CODE_SIGN_STYLE = Automatic;
				CURRENT_PROJECT_VERSION = 1;
				DEVELOPMENT_TEAM = PWK5WLZ6R6;
				GENERATE_INFOPLIST_FILE = YES;
				INFOPLIST_FILE = Combine_Part1/Info.plist;
				INFOPLIST_KEY_UIApplicationSupportsIndirectInputEvents = YES;
				INFOPLIST_KEY_UILaunchStoryboardName = LaunchScreen;
				INFOPLIST_KEY_UIMainStoryboardFile = Main;
				INFOPLIST_KEY_UISupportedInterfaceOrientations_iPad = "UIInterfaceOrientationPortrait UIInterfaceOrientationPortraitUpsideDown UIInterfaceOrientationLandscapeLeft UIInterfaceOrientationLandscapeRight";
				INFOPLIST_KEY_UISupportedInterfaceOrientations_iPhone = "UIInterfaceOrientationPortrait UIInterfaceOrientationLandscapeLeft UIInterfaceOrientationLandscapeRight";
				LD_RUNPATH_SEARCH_PATHS = (
					"$(inherited)",
					"@executable_path/Frameworks",
				);
				MARKETING_VERSION = 1.0;
				PRODUCT_BUNDLE_IDENTIFIER = "com.LearningSample.Combine-Part1";
				PRODUCT_NAME = "$(TARGET_NAME)";
				SWIFT_EMIT_LOC_STRINGS = YES;
				SWIFT_VERSION = 5.0;
				TARGETED_DEVICE_FAMILY = "1,2";
			};
			name = Release;
		};
		27A48CA82965AB0D00E33860 /* Debug */ = {
			isa = XCBuildConfiguration;
			buildSettings = {
				ALWAYS_EMBED_SWIFT_STANDARD_LIBRARIES = YES;
				BUNDLE_LOADER = "$(TEST_HOST)";
				CODE_SIGN_STYLE = Automatic;
				CURRENT_PROJECT_VERSION = 1;
				DEVELOPMENT_TEAM = PWK5WLZ6R6;
				GENERATE_INFOPLIST_FILE = YES;
				IPHONEOS_DEPLOYMENT_TARGET = 16.0;
				MARKETING_VERSION = 1.0;
				PRODUCT_BUNDLE_IDENTIFIER = "com.LearningSample.Combine-Part1Tests";
				PRODUCT_NAME = "$(TARGET_NAME)";
				SWIFT_EMIT_LOC_STRINGS = NO;
				SWIFT_VERSION = 5.0;
				TARGETED_DEVICE_FAMILY = "1,2";
				TEST_HOST = "$(BUILT_PRODUCTS_DIR)/Combine_Part1.app/$(BUNDLE_EXECUTABLE_FOLDER_PATH)/Combine_Part1";
			};
			name = Debug;
		};
		27A48CA92965AB0D00E33860 /* Release */ = {
			isa = XCBuildConfiguration;
			buildSettings = {
				ALWAYS_EMBED_SWIFT_STANDARD_LIBRARIES = YES;
				BUNDLE_LOADER = "$(TEST_HOST)";
				CODE_SIGN_STYLE = Automatic;
				CURRENT_PROJECT_VERSION = 1;
				DEVELOPMENT_TEAM = PWK5WLZ6R6;
				GENERATE_INFOPLIST_FILE = YES;
				IPHONEOS_DEPLOYMENT_TARGET = 16.0;
				MARKETING_VERSION = 1.0;
				PRODUCT_BUNDLE_IDENTIFIER = "com.LearningSample.Combine-Part1Tests";
				PRODUCT_NAME = "$(TARGET_NAME)";
				SWIFT_EMIT_LOC_STRINGS = NO;
				SWIFT_VERSION = 5.0;
				TARGETED_DEVICE_FAMILY = "1,2";
				TEST_HOST = "$(BUILT_PRODUCTS_DIR)/Combine_Part1.app/$(BUNDLE_EXECUTABLE_FOLDER_PATH)/Combine_Part1";
			};
			name = Release;
		};
		27A48CAB2965AB0D00E33860 /* Debug */ = {
			isa = XCBuildConfiguration;
			buildSettings = {
				ALWAYS_EMBED_SWIFT_STANDARD_LIBRARIES = YES;
				CODE_SIGN_STYLE = Automatic;
				CURRENT_PROJECT_VERSION = 1;
				DEVELOPMENT_TEAM = PWK5WLZ6R6;
				GENERATE_INFOPLIST_FILE = YES;
				MARKETING_VERSION = 1.0;
				PRODUCT_BUNDLE_IDENTIFIER = "com.LearningSample.Combine-Part1UITests";
				PRODUCT_NAME = "$(TARGET_NAME)";
				SWIFT_EMIT_LOC_STRINGS = NO;
				SWIFT_VERSION = 5.0;
				TARGETED_DEVICE_FAMILY = "1,2";
				TEST_TARGET_NAME = Combine_Part1;
			};
			name = Debug;
		};
		27A48CAC2965AB0D00E33860 /* Release */ = {
			isa = XCBuildConfiguration;
			buildSettings = {
				ALWAYS_EMBED_SWIFT_STANDARD_LIBRARIES = YES;
				CODE_SIGN_STYLE = Automatic;
				CURRENT_PROJECT_VERSION = 1;
				DEVELOPMENT_TEAM = PWK5WLZ6R6;
				GENERATE_INFOPLIST_FILE = YES;
				MARKETING_VERSION = 1.0;
				PRODUCT_BUNDLE_IDENTIFIER = "com.LearningSample.Combine-Part1UITests";
				PRODUCT_NAME = "$(TARGET_NAME)";
				SWIFT_EMIT_LOC_STRINGS = NO;
				SWIFT_VERSION = 5.0;
				TARGETED_DEVICE_FAMILY = "1,2";
				TEST_TARGET_NAME = Combine_Part1;
			};
			name = Release;
		};
/* End XCBuildConfiguration section */

/* Begin XCConfigurationList section */
		27A48C752965AB0900E33860 /* Build configuration list for PBXProject "Combine_Part1" */ = {
			isa = XCConfigurationList;
			buildConfigurations = (
				27A48CA22965AB0D00E33860 /* Debug */,
				27A48CA32965AB0D00E33860 /* Release */,
			);
			defaultConfigurationIsVisible = 0;
			defaultConfigurationName = Release;
		};
		27A48CA42965AB0D00E33860 /* Build configuration list for PBXNativeTarget "Combine_Part1" */ = {
			isa = XCConfigurationList;
			buildConfigurations = (
				27A48CA52965AB0D00E33860 /* Debug */,
				27A48CA62965AB0D00E33860 /* Release */,
			);
			defaultConfigurationIsVisible = 0;
			defaultConfigurationName = Release;
		};
		27A48CA72965AB0D00E33860 /* Build configuration list for PBXNativeTarget "Combine_Part1Tests" */ = {
			isa = XCConfigurationList;
			buildConfigurations = (
				27A48CA82965AB0D00E33860 /* Debug */,
				27A48CA92965AB0D00E33860 /* Release */,
			);
			defaultConfigurationIsVisible = 0;
			defaultConfigurationName = Release;
		};
		27A48CAA2965AB0D00E33860 /* Build configuration list for PBXNativeTarget "Combine_Part1UITests" */ = {
			isa = XCConfigurationList;
			buildConfigurations = (
				27A48CAB2965AB0D00E33860 /* Debug */,
				27A48CAC2965AB0D00E33860 /* Release */,
			);
			defaultConfigurationIsVisible = 0;
			defaultConfigurationName = Release;
		};
/* End XCConfigurationList section */
	};
	rootObject = 27A48C722965AB0900E33860 /* Project object */;
}
